
Microsoft Visual Studio Solution File, Format Version 12.00
# Visual Studio Version 17
VisualStudioVersion = 17.14.37628.2 d17.14
MinimumVisualStudioVersion = 10.0.40219.1
Project("{FAE04EC0-301F-11D3-BF4B-00C04F79EFBC}") = "RoopBackBentou", "RoopBackBentou.csproj", "{7F7BEE63-BBB0-4BB1-81CC-B97702319ED3}"
EndProject
Global
	GlobalSection(SolutionConfigurationPlatforms) = preSolution
		Debug|x64 = Debug|x64
		Release|x64 = Release|x64
	EndGlobalSection
	GlobalSection(ProjectConfigurationPlatforms) = postSolution
		{7F7BEE63-BBB0-4BB1-81CC-B97702319ED3}.Debug|x64.ActiveCfg = Debug|x64
		{7F7BEE63-BBB0-4BB1-81CC-B97702319ED3}.Debug|x64.Build.0 = Debug|x64
		{7F7BEE63-BBB0-4BB1-81CC-B97702319ED3}.Release|x64.ActiveCfg = Release|x64
		{7F7BEE63-BBB0-4BB1-81CC-B97702319ED3}.Release|x64.Build.0 = Release|x64
	EndGlobalSection
	GlobalSection(SolutionProperties) = preSolution
		HideSolutionNode = FALSE
	EndGlobalSection
	GlobalSection(ExtensibilityGlobals) = postSolution
		SolutionGuid = {E2D11717-0078-4409-85B1-9A4D877DBB0B}
	EndGlobalSection
EndGlobal
